
Microsoft Visual Studio Solution File, Format Version 12.00
# Visual Studio Version 17
VisualStudioVersion = 17.4.33213.308
MinimumVisualStudioVersion = 10.0.40219.1
Project("{FAE04EC0-301F-11D3-BF4B-00C04F79EFBC}") = "Veiculos", "Veiculos\Veiculos.csproj", "{95FC85A8-C979-4747-B1BF-9B8078CC511D}"
EndProject
Global
	GlobalSection(SolutionConfigurationPlatforms) = preSolution
		Debug|Any CPU = Debug|Any CPU
		Release|Any CPU = Release|Any CPU
	EndGlobalSection
	GlobalSection(ProjectConfigurationPlatforms) = postSolution
		{95FC85A8-C979-4747-B1BF-9B8078CC511D}.Debug|Any CPU.ActiveCfg = Debug|Any CPU
		{95FC85A8-C979-4747-B1BF-9B8078CC511D}.Debug|Any CPU.Build.0 = Debug|Any CPU
		{95FC85A8-C979-4747-B1BF-9B8078CC511D}.Release|Any CPU.ActiveCfg = Release|Any CPU
		{95FC85A8-C979-4747-B1BF-9B8078CC511D}.Release|Any CPU.Build.0 = Release|Any CPU
	EndGlobalSection
	GlobalSection(SolutionProperties) = preSolution
		HideSolutionNode = FALSE
	EndGlobalSection
	GlobalSection(ExtensibilityGlobals) = postSolution
		SolutionGuid = {D6175428-2BCA-4612-A279-046EC8F0E4B7}
	EndGlobalSection
EndGlobal
