
Microsoft Visual Studio Solution File, Format Version 12.00
# Visual Studio Version 17
VisualStudioVersion = 17.4.33213.308
MinimumVisualStudioVersion = 10.0.40219.1
Project("{FAE04EC0-301F-11D3-BF4B-00C04F79EFBC}") = "TryCatchBank", "TryCatchBank\TryCatchBank.csproj", "{7458B494-52D7-457E-8378-9A553B2865B0}"
EndProject
Global
	GlobalSection(SolutionConfigurationPlatforms) = preSolution
		Debug|Any CPU = Debug|Any CPU
		Release|Any CPU = Release|Any CPU
	EndGlobalSection
	GlobalSection(ProjectConfigurationPlatforms) = postSolution
		{7458B494-52D7-457E-8378-9A553B2865B0}.Debug|Any CPU.ActiveCfg = Debug|Any CPU
		{7458B494-52D7-457E-8378-9A553B2865B0}.Debug|Any CPU.Build.0 = Debug|Any CPU
		{7458B494-52D7-457E-8378-9A553B2865B0}.Release|Any CPU.ActiveCfg = Release|Any CPU
		{7458B494-52D7-457E-8378-9A553B2865B0}.Release|Any CPU.Build.0 = Release|Any CPU
	EndGlobalSection
	GlobalSection(SolutionProperties) = preSolution
		HideSolutionNode = FALSE
	EndGlobalSection
	GlobalSection(ExtensibilityGlobals) = postSolution
		SolutionGuid = {A78D629A-B36E-4E7F-8A0E-7110943659FB}
	EndGlobalSection
EndGlobal
